
Microsoft Visual Studio Solution File, Format Version 12.00
# Visual Studio Version 17
VisualStudioVersion = 17.0.31903.59
MinimumVisualStudioVersion = 10.0.40219.1
Project("{FAE04EC0-301F-11D3-BF4B-00C04F79EFBC}") = "DigitalBanking.API", "DigitalBanking.API\DigitalBanking.API.csproj", "{D1A3644B-BD9E-4B89-9F8E-AEC0337756AA}"
EndProject
Project("{FAE04EC0-301F-11D3-BF4B-00C04F79EFBC}") = "DigitalBanking.BAL", "DigitalBanking.BAL\DigitalBanking.BAL.csproj", "{BB933D30-A7FC-4901-9E8E-C79A174F3905}"
EndProject
Project("{FAE04EC0-301F-11D3-BF4B-00C04F79EFBC}") = "DigitalBanking.DAL", "DigitalBanking.DAL\DigitalBanking.DAL.csproj", "{0B486A5C-591E-43A7-9175-4C5B892EC810}"
EndProject
Project("{FAE04EC0-301F-11D3-BF4B-00C04F79EFBC}") = "DigitalBanking.LoanAssessmentFunction", "DigitalBanking.LoanAssessmentFunction\DigitalBanking.LoanAssessmentFunction.csproj", "{2A6A2D46-AAA1-4F9B-8516-9C840405C817}"
EndProject
Global
	GlobalSection(SolutionConfigurationPlatforms) = preSolution
		Debug|Any CPU = Debug|Any CPU
		Debug|x64 = Debug|x64
		Debug|x86 = Debug|x86
		Release|Any CPU = Release|Any CPU
		Release|x64 = Release|x64
		Release|x86 = Release|x86
	EndGlobalSection
	GlobalSection(ProjectConfigurationPlatforms) = postSolution
		{D1A3644B-BD9E-4B89-9F8E-AEC0337756AA}.Debug|Any CPU.ActiveCfg = Debug|Any CPU
		{D1A3644B-BD9E-4B89-9F8E-AEC0337756AA}.Debug|Any CPU.Build.0 = Debug|Any CPU
		{D1A3644B-BD9E-4B89-9F8E-AEC0337756AA}.Debug|x64.ActiveCfg = Debug|Any CPU
		{D1A3644B-BD9E-4B89-9F8E-AEC0337756AA}.Debug|x64.Build.0 = Debug|Any CPU
		{D1A3644B-BD9E-4B89-9F8E-AEC0337756AA}.Debug|x86.ActiveCfg = Debug|Any CPU
		{D1A3644B-BD9E-4B89-9F8E-AEC0337756AA}.Debug|x86.Build.0 = Debug|Any CPU
		{D1A3644B-BD9E-4B89-9F8E-AEC0337756AA}.Release|Any CPU.ActiveCfg = Release|Any CPU
		{D1A3644B-BD9E-4B89-9F8E-AEC0337756AA}.Release|Any CPU.Build.0 = Release|Any CPU
		{D1A3644B-BD9E-4B89-9F8E-AEC0337756AA}.Release|x64.ActiveCfg = Release|Any CPU
		{D1A3644B-BD9E-4B89-9F8E-AEC0337756AA}.Release|x64.Build.0 = Release|Any CPU
		{D1A3644B-BD9E-4B89-9F8E-AEC0337756AA}.Release|x86.ActiveCfg = Release|Any CPU
		{D1A3644B-BD9E-4B89-9F8E-AEC0337756AA}.Release|x86.Build.0 = Release|Any CPU
		{BB933D30-A7FC-4901-9E8E-C79A174F3905}.Debug|Any CPU.ActiveCfg = Debug|Any CPU
		{BB933D30-A7FC-4901-9E8E-C79A174F3905}.Debug|Any CPU.Build.0 = Debug|Any CPU
		{BB933D30-A7FC-4901-9E8E-C79A174F3905}.Debug|x64.ActiveCfg = Debug|Any CPU
		{BB933D30-A7FC-4901-9E8E-C79A174F3905}.Debug|x64.Build.0 = Debug|Any CPU
		{BB933D30-A7FC-4901-9E8E-C79A174F3905}.Debug|x86.ActiveCfg = Debug|Any CPU
		{BB933D30-A7FC-4901-9E8E-C79A174F3905}.Debug|x86.Build.0 = Debug|Any CPU
		{BB933D30-A7FC-4901-9E8E-C79A174F3905}.Release|Any CPU.ActiveCfg = Release|Any CPU
		{BB933D30-A7FC-4901-9E8E-C79A174F3905}.Release|Any CPU.Build.0 = Release|Any CPU
		{BB933D30-A7FC-4901-9E8E-C79A174F3905}.Release|x64.ActiveCfg = Release|Any CPU
		{BB933D30-A7FC-4901-9E8E-C79A174F3905}.Release|x64.Build.0 = Release|Any CPU
		{BB933D30-A7FC-4901-9E8E-C79A174F3905}.Release|x86.ActiveCfg = Release|Any CPU
		{BB933D30-A7FC-4901-9E8E-C79A174F3905}.Release|x86.Build.0 = Release|Any CPU
		{0B486A5C-591E-43A7-9175-4C5B892EC810}.Debug|Any CPU.ActiveCfg = Debug|Any CPU
		{0B486A5C-591E-43A7-9175-4C5B892EC810}.Debug|Any CPU.Build.0 = Debug|Any CPU
		{0B486A5C-591E-43A7-9175-4C5B892EC810}.Debug|x64.ActiveCfg = Debug|Any CPU
		{0B486A5C-591E-43A7-9175-4C5B892EC810}.Debug|x64.Build.0 = Debug|Any CPU
		{0B486A5C-591E-43A7-9175-4C5B892EC810}.Debug|x86.ActiveCfg = Debug|Any CPU
		{0B486A5C-591E-43A7-9175-4C5B892EC810}.Debug|x86.Build.0 = Debug|Any CPU
		{0B486A5C-591E-43A7-9175-4C5B892EC810}.Release|Any CPU.ActiveCfg = Release|Any CPU
		{0B486A5C-591E-43A7-9175-4C5B892EC810}.Release|Any CPU.Build.0 = Release|Any CPU
		{0B486A5C-591E-43A7-9175-4C5B892EC810}.Release|x64.ActiveCfg = Release|Any CPU
		{0B486A5C-591E-43A7-9175-4C5B892EC810}.Release|x64.Build.0 = Release|Any CPU
		{0B486A5C-591E-43A7-9175-4C5B892EC810}.Release|x86.ActiveCfg = Release|Any CPU
		{0B486A5C-591E-43A7-9175-4C5B892EC810}.Release|x86.Build.0 = Release|Any CPU
		{2A6A2D46-AAA1-4F9B-8516-9C840405C817}.Debug|Any CPU.ActiveCfg = Debug|Any CPU
		{2A6A2D46-AAA1-4F9B-8516-9C840405C817}.Debug|Any CPU.Build.0 = Debug|Any CPU
		{2A6A2D46-AAA1-4F9B-8516-9C840405C817}.Debug|x64.ActiveCfg = Debug|Any CPU
		{2A6A2D46-AAA1-4F9B-8516-9C840405C817}.Debug|x64.Build.0 = Debug|Any CPU
		{2A6A2D46-AAA1-4F9B-8516-9C840405C817}.Debug|x86.ActiveCfg = Debug|Any CPU
		{2A6A2D46-AAA1-4F9B-8516-9C840405C817}.Debug|x86.Build.0 = Debug|Any CPU
		{2A6A2D46-AAA1-4F9B-8516-9C840405C817}.Release|Any CPU.ActiveCfg = Release|Any CPU
		{2A6A2D46-AAA1-4F9B-8516-9C840405C817}.Release|Any CPU.Build.0 = Release|Any CPU
		{2A6A2D46-AAA1-4F9B-8516-9C840405C817}.Release|x64.ActiveCfg = Release|Any CPU
		{2A6A2D46-AAA1-4F9B-8516-9C840405C817}.Release|x64.Build.0 = Release|Any CPU
		{2A6A2D46-AAA1-4F9B-8516-9C840405C817}.Release|x86.ActiveCfg = Release|Any CPU
		{2A6A2D46-AAA1-4F9B-8516-9C840405C817}.Release|x86.Build.0 = Release|Any CPU
	EndGlobalSection
	GlobalSection(SolutionProperties) = preSolution
		HideSolutionNode = FALSE
	EndGlobalSection
EndGlobal
